
Microsoft Visual Studio Solution File, Format Version 12.00
# Visual Studio Version 16
VisualStudioVersion = 16.0.31702.278
MinimumVisualStudioVersion = 10.0.40219.1
Project("{9A19103F-16F7-4668-BE54-9A1E7A4F7556}") = "DemoAntBlazor", "DemoAntBlazor\DemoAntBlazor.csproj", "{8F88E42E-D06F-4DE8-9B7C-5B8A9F2B878D}"
EndProject
Global
	GlobalSection(SolutionConfigurationPlatforms) = preSolution
		Debug|Any CPU = Debug|Any CPU
		Release|Any CPU = Release|Any CPU
	EndGlobalSection
	GlobalSection(ProjectConfigurationPlatforms) = postSolution
		{8F88E42E-D06F-4DE8-9B7C-5B8A9F2B878D}.Debug|Any CPU.ActiveCfg = Debug|Any CPU
		{8F88E42E-D06F-4DE8-9B7C-5B8A9F2B878D}.Debug|Any CPU.Build.0 = Debug|Any CPU
		{8F88E42E-D06F-4DE8-9B7C-5B8A9F2B878D}.Release|Any CPU.ActiveCfg = Release|Any CPU
		{8F88E42E-D06F-4DE8-9B7C-5B8A9F2B878D}.Release|Any CPU.Build.0 = Release|Any CPU
	EndGlobalSection
	GlobalSection(SolutionProperties) = preSolution
		HideSolutionNode = FALSE
	EndGlobalSection
	GlobalSection(ExtensibilityGlobals) = postSolution
		SolutionGuid = {BB9279FD-0966-4902-980B-F21DF745ED62}
	EndGlobalSection
EndGlobal
